
Microsoft Visual Studio Solution File, Format Version 10.00
# Visual Studio 2008
Project("{FAE04EC0-301F-11D3-BF4B-00C04F79EFBC}") = "EntitySpaces.Core35", "EntitySpaces.Core\EntitySpaces.Core35.csproj", "{81B80C15-74F7-480A-B3C1-D8792785B357}"
EndProject
Project("{FAE04EC0-301F-11D3-BF4B-00C04F79EFBC}") = "EntitySpaces.Interfaces35", "EntitySpaces.Interfaces\EntitySpaces.Interfaces35.csproj", "{B13AC54D-1CEE-4B91-BEAE-98CF0A4AA180}"
EndProject
Project("{FAE04EC0-301F-11D3-BF4B-00C04F79EFBC}") = "EntitySpaces.SqlClientProvider35", "Providers\EntitySpaces.SqlClientProvider\EntitySpaces.SqlClientProvider35.csproj", "{96219C55-952F-4CCC-BF91-D91CA5EE5D56}"
EndProject
Project("{FAE04EC0-301F-11D3-BF4B-00C04F79EFBC}") = "EntitySpaces.Web35", "EntitySpaces.Web\EntitySpaces.Web35.csproj", "{AD966F44-99BB-4DB5-A7D4-48576CA74D28}"
EndProject
Project("{FAE04EC0-301F-11D3-BF4B-00C04F79EFBC}") = "EntitySpaces.Web.Design35", "EntitySpaces.Web.Design\EntitySpaces.Web.Design35.csproj", "{35DA7C80-CE5F-424C-A5C4-D9A2FB5023B3}"
EndProject
Project("{FAE04EC0-301F-11D3-BF4B-00C04F79EFBC}") = "EntitySpaces.Loader35", "EntitySpaces.Loader\EntitySpaces.Loader35.csproj", "{7DFF20D6-C320-4920-AE92-4F096D8DFE61}"
EndProject
Project("{FAE04EC0-301F-11D3-BF4B-00C04F79EFBC}") = "EntitySpaces.LoaderMT35", "EntitySpaces.LoaderMT\EntitySpaces.LoaderMT35.csproj", "{646DE25E-4951-4174-B8E2-16E6D6D5008A}"
EndProject
Project("{FAE04EC0-301F-11D3-BF4B-00C04F79EFBC}") = "EntitySpaces.DebuggerVisualizer35", "EntitySpaces.DebuggerVisualizer\EntitySpaces.DebuggerVisualizer35.csproj", "{A82A0BF9-2C70-4396-BD4B-9F287B0B347D}"
EndProject
Project("{FAE04EC0-301F-11D3-BF4B-00C04F79EFBC}") = "EntitySpaces.DynamicQuery35", "EntitySpaces.DynamicQuery\EntitySpaces.DynamicQuery35.csproj", "{9AA003D3-6DBB-4C6C-BDC5-F3E1F3BBB0DD}"
EndProject
Project("{FAE04EC0-301F-11D3-BF4B-00C04F79EFBC}") = "EntitySpaces.Npgsql2Provider35", "Providers\EntitySpaces.Npgsql2Provider\EntitySpaces.Npgsql2Provider35.csproj", "{3A2AA5B3-FC88-4D72-9772-C3C5183998DD}"
EndProject
Project("{FAE04EC0-301F-11D3-BF4B-00C04F79EFBC}") = "EntitySpaces.OracleClientProvider35", "Providers\EntitySpaces.OracleClientProvider\EntitySpaces.OracleClientProvider35.csproj", "{B5F79307-BF9E-4C3C-9F3B-2D841E825658}"
EndProject
Project("{FAE04EC0-301F-11D3-BF4B-00C04F79EFBC}") = "EntitySpaces.SybaseSqlAnywhereProvider35", "Providers\EntitySpaces.SybaseSqlAnywhereProvider\EntitySpaces.SybaseSqlAnywhereProvider35.csproj", "{6FD3D08A-4B3E-416D-ABBB-F0772222F7BF}"
EndProject
Project("{FAE04EC0-301F-11D3-BF4B-00C04F79EFBC}") = "EntitySpaces.VistaDB4Provider35", "Providers\EntitySpaces.VistaDB4Provider\EntitySpaces.VistaDB4Provider35.csproj", "{6C9AB015-3E08-473E-87C4-11F1CBC38823}"
EndProject
Project("{FAE04EC0-301F-11D3-BF4B-00C04F79EFBC}") = "EntitySpaces.VistaDBProvider35", "Providers\EntitySpaces.VistaDBProvider\EntitySpaces.VistaDBProvider35.csproj", "{FB6BED52-84A2-4C33-886A-62DBCD9A62A4}"
EndProject
Project("{FAE04EC0-301F-11D3-BF4B-00C04F79EFBC}") = "EntitySpaces.MySqlClientProvider35", "Providers\EntitySpaces.MySqlClientProvider\EntitySpaces.MySqlClientProvider35.csproj", "{FA7C329C-870C-4EEA-B5AC-E8BAFF590623}"
EndProject
Project("{FAE04EC0-301F-11D3-BF4B-00C04F79EFBC}") = "EntitySpaces.MSAccessProvider35", "Providers\EntitySpaces.MSAccessProvider\EntitySpaces.MSAccessProvider35.csproj", "{D39C62AC-C3BE-433F-95DB-6175703B092E}"
EndProject
Project("{FAE04EC0-301F-11D3-BF4B-00C04F79EFBC}") = "EntitySpaces.SqlServerCeProvider35", "Providers\EntitySpaces.SqlServerCeProvider\EntitySpaces.SqlServerCeProvider35.csproj", "{422D6EB1-A9BD-40C8-8B7E-8349D0283AF2}"
EndProject
Project("{FAE04EC0-301F-11D3-BF4B-00C04F79EFBC}") = "EntitySpaces.SQLiteProvider35", "Providers\EntitySpaces.SQLiteProvider\EntitySpaces.SQLiteProvider35.csproj", "{EAFE3E67-8249-4944-9EEB-4107011F8292}"
EndProject
Project("{FAE04EC0-301F-11D3-BF4B-00C04F79EFBC}") = "EntitySpaces.SqlServerCe4Provider_35", "Providers\EntitySpaces.SqlServerCe4Provider\EntitySpaces.SqlServerCe4Provider_35.csproj", "{87FE2274-9BF8-49CD-AFE3-549D4FF3008F}"
EndProject
Project("{FAE04EC0-301F-11D3-BF4B-00C04F79EFBC}") = "EntitySpaces.Profiler35", "EntitySpaces.Profiler\EntitySpaces.Profiler35.csproj", "{14CB78FC-1839-4F28-9F59-6522F2BFEFE7}"
EndProject
Project("{FAE04EC0-301F-11D3-BF4B-00C04F79EFBC}") = "EntitySpaces.js", "EntitySpaces.js\EntitySpaces.js.csproj", "{13643929-0174-4EA1-BDBE-DF7A588FC0F2}"
EndProject
Project("{FAE04EC0-301F-11D3-BF4B-00C04F79EFBC}") = "XDMessaging35", "XDMessaging\XDMessaging35.csproj", "{EFAAE69D-F65D-4247-81AA-440E18C3336F}"
EndProject
Global
	GlobalSection(SolutionConfigurationPlatforms) = preSolution
		Debug|Any CPU = Debug|Any CPU
		Debug|x64 = Debug|x64
		Release|Any CPU = Release|Any CPU
		Release|x64 = Release|x64
	EndGlobalSection
	GlobalSection(ProjectConfigurationPlatforms) = postSolution
		{81B80C15-74F7-480A-B3C1-D8792785B357}.Debug|Any CPU.ActiveCfg = Debug|Any CPU
		{81B80C15-74F7-480A-B3C1-D8792785B357}.Debug|Any CPU.Build.0 = Debug|Any CPU
		{81B80C15-74F7-480A-B3C1-D8792785B357}.Debug|x64.ActiveCfg = Debug|x64
		{81B80C15-74F7-480A-B3C1-D8792785B357}.Debug|x64.Build.0 = Debug|x64
		{81B80C15-74F7-480A-B3C1-D8792785B357}.Release|Any CPU.ActiveCfg = Release|Any CPU
		{81B80C15-74F7-480A-B3C1-D8792785B357}.Release|Any CPU.Build.0 = Release|Any CPU
		{81B80C15-74F7-480A-B3C1-D8792785B357}.Release|x64.ActiveCfg = Release|x64
		{81B80C15-74F7-480A-B3C1-D8792785B357}.Release|x64.Build.0 = Release|x64
		{B13AC54D-1CEE-4B91-BEAE-98CF0A4AA180}.Debug|Any CPU.ActiveCfg = Debug|Any CPU
		{B13AC54D-1CEE-4B91-BEAE-98CF0A4AA180}.Debug|Any CPU.Build.0 = Debug|Any CPU
		{B13AC54D-1CEE-4B91-BEAE-98CF0A4AA180}.Debug|x64.ActiveCfg = Debug|x64
		{B13AC54D-1CEE-4B91-BEAE-98CF0A4AA180}.Debug|x64.Build.0 = Debug|x64
		{B13AC54D-1CEE-4B91-BEAE-98CF0A4AA180}.Release|Any CPU.ActiveCfg = Release|Any CPU
		{B13AC54D-1CEE-4B91-BEAE-98CF0A4AA180}.Release|Any CPU.Build.0 = Release|Any CPU
		{B13AC54D-1CEE-4B91-BEAE-98CF0A4AA180}.Release|x64.ActiveCfg = Release|x64
		{B13AC54D-1CEE-4B91-BEAE-98CF0A4AA180}.Release|x64.Build.0 = Release|x64
		{96219C55-952F-4CCC-BF91-D91CA5EE5D56}.Debug|Any CPU.ActiveCfg = Debug|Any CPU
		{96219C55-952F-4CCC-BF91-D91CA5EE5D56}.Debug|Any CPU.Build.0 = Debug|Any CPU
		{96219C55-952F-4CCC-BF91-D91CA5EE5D56}.Debug|x64.ActiveCfg = Debug|x64
		{96219C55-952F-4CCC-BF91-D91CA5EE5D56}.Debug|x64.Build.0 = Debug|x64
		{96219C55-952F-4CCC-BF91-D91CA5EE5D56}.Release|Any CPU.ActiveCfg = Release|Any CPU
		{96219C55-952F-4CCC-BF91-D91CA5EE5D56}.Release|Any CPU.Build.0 = Release|Any CPU
		{96219C55-952F-4CCC-BF91-D91CA5EE5D56}.Release|x64.ActiveCfg = Release|x64
		{96219C55-952F-4CCC-BF91-D91CA5EE5D56}.Release|x64.Build.0 = Release|x64
		{AD966F44-99BB-4DB5-A7D4-48576CA74D28}.Debug|Any CPU.ActiveCfg = Debug|Any CPU
		{AD966F44-99BB-4DB5-A7D4-48576CA74D28}.Debug|Any CPU.Build.0 = Debug|Any CPU
		{AD966F44-99BB-4DB5-A7D4-48576CA74D28}.Debug|x64.ActiveCfg = Debug|x64
		{AD966F44-99BB-4DB5-A7D4-48576CA74D28}.Debug|x64.Build.0 = Debug|x64
		{AD966F44-99BB-4DB5-A7D4-48576CA74D28}.Release|Any CPU.ActiveCfg = Release|Any CPU
		{AD966F44-99BB-4DB5-A7D4-48576CA74D28}.Release|Any CPU.Build.0 = Release|Any CPU
		{AD966F44-99BB-4DB5-A7D4-48576CA74D28}.Release|x64.ActiveCfg = Release|x64
		{AD966F44-99BB-4DB5-A7D4-48576CA74D28}.Release|x64.Build.0 = Release|x64
		{35DA7C80-CE5F-424C-A5C4-D9A2FB5023B3}.Debug|Any CPU.ActiveCfg = Debug|Any CPU
		{35DA7C80-CE5F-424C-A5C4-D9A2FB5023B3}.Debug|Any CPU.Build.0 = Debug|Any CPU
		{35DA7C80-CE5F-424C-A5C4-D9A2FB5023B3}.Debug|x64.ActiveCfg = Debug|x64
		{35DA7C80-CE5F-424C-A5C4-D9A2FB5023B3}.Debug|x64.Build.0 = Debug|x64
		{35DA7C80-CE5F-424C-A5C4-D9A2FB5023B3}.Release|Any CPU.ActiveCfg = Release|Any CPU
		{35DA7C80-CE5F-424C-A5C4-D9A2FB5023B3}.Release|Any CPU.Build.0 = Release|Any CPU
		{35DA7C80-CE5F-424C-A5C4-D9A2FB5023B3}.Release|x64.ActiveCfg = Release|x64
		{35DA7C80-CE5F-424C-A5C4-D9A2FB5023B3}.Release|x64.Build.0 = Release|x64
		{7DFF20D6-C320-4920-AE92-4F096D8DFE61}.Debug|Any CPU.ActiveCfg = Debug|Any CPU
		{7DFF20D6-C320-4920-AE92-4F096D8DFE61}.Debug|Any CPU.Build.0 = Debug|Any CPU
		{7DFF20D6-C320-4920-AE92-4F096D8DFE61}.Debug|x64.ActiveCfg = Debug|x64
		{7DFF20D6-C320-4920-AE92-4F096D8DFE61}.Debug|x64.Build.0 = Debug|x64
		{7DFF20D6-C320-4920-AE92-4F096D8DFE61}.Release|Any CPU.ActiveCfg = Release|Any CPU
		{7DFF20D6-C320-4920-AE92-4F096D8DFE61}.Release|Any CPU.Build.0 = Release|Any CPU
		{7DFF20D6-C320-4920-AE92-4F096D8DFE61}.Release|x64.ActiveCfg = Release|x64
		{7DFF20D6-C320-4920-AE92-4F096D8DFE61}.Release|x64.Build.0 = Release|x64
		{646DE25E-4951-4174-B8E2-16E6D6D5008A}.Debug|Any CPU.ActiveCfg = Debug|Any CPU
		{646DE25E-4951-4174-B8E2-16E6D6D5008A}.Debug|Any CPU.Build.0 = Debug|Any CPU
		{646DE25E-4951-4174-B8E2-16E6D6D5008A}.Debug|x64.ActiveCfg = Debug|x64
		{646DE25E-4951-4174-B8E2-16E6D6D5008A}.Debug|x64.Build.0 = Debug|x64
		{646DE25E-4951-4174-B8E2-16E6D6D5008A}.Release|Any CPU.ActiveCfg = Release|Any CPU
		{646DE25E-4951-4174-B8E2-16E6D6D5008A}.Release|Any CPU.Build.0 = Release|Any CPU
		{646DE25E-4951-4174-B8E2-16E6D6D5008A}.Release|x64.ActiveCfg = Release|x64
		{646DE25E-4951-4174-B8E2-16E6D6D5008A}.Release|x64.Build.0 = Release|x64
		{A82A0BF9-2C70-4396-BD4B-9F287B0B347D}.Debug|Any CPU.ActiveCfg = Debug|Any CPU
		{A82A0BF9-2C70-4396-BD4B-9F287B0B347D}.Debug|Any CPU.Build.0 = Debug|Any CPU
		{A82A0BF9-2C70-4396-BD4B-9F287B0B347D}.Debug|x64.ActiveCfg = Debug|x64
		{A82A0BF9-2C70-4396-BD4B-9F287B0B347D}.Debug|x64.Build.0 = Debug|x64
		{A82A0BF9-2C70-4396-BD4B-9F287B0B347D}.Release|Any CPU.ActiveCfg = Release|Any CPU
		{A82A0BF9-2C70-4396-BD4B-9F287B0B347D}.Release|Any CPU.Build.0 = Release|Any CPU
		{A82A0BF9-2C70-4396-BD4B-9F287B0B347D}.Release|x64.ActiveCfg = Release|x64
		{A82A0BF9-2C70-4396-BD4B-9F287B0B347D}.Release|x64.Build.0 = Release|x64
		{9AA003D3-6DBB-4C6C-BDC5-F3E1F3BBB0DD}.Debug|Any CPU.ActiveCfg = Debug|Any CPU
		{9AA003D3-6DBB-4C6C-BDC5-F3E1F3BBB0DD}.Debug|Any CPU.Build.0 = Debug|Any CPU
		{9AA003D3-6DBB-4C6C-BDC5-F3E1F3BBB0DD}.Debug|x64.ActiveCfg = Debug|x64
		{9AA003D3-6DBB-4C6C-BDC5-F3E1F3BBB0DD}.Debug|x64.Build.0 = Debug|x64
		{9AA003D3-6DBB-4C6C-BDC5-F3E1F3BBB0DD}.Release|Any CPU.ActiveCfg = Release|Any CPU
		{9AA003D3-6DBB-4C6C-BDC5-F3E1F3BBB0DD}.Release|Any CPU.Build.0 = Release|Any CPU
		{9AA003D3-6DBB-4C6C-BDC5-F3E1F3BBB0DD}.Release|x64.ActiveCfg = Release|x64
		{9AA003D3-6DBB-4C6C-BDC5-F3E1F3BBB0DD}.Release|x64.Build.0 = Release|x64
		{3A2AA5B3-FC88-4D72-9772-C3C5183998DD}.Debug|Any CPU.ActiveCfg = Debug|Any CPU
		{3A2AA5B3-FC88-4D72-9772-C3C5183998DD}.Debug|Any CPU.Build.0 = Debug|Any CPU
		{3A2AA5B3-FC88-4D72-9772-C3C5183998DD}.Debug|x64.ActiveCfg = Debug|x64
		{3A2AA5B3-FC88-4D72-9772-C3C5183998DD}.Debug|x64.Build.0 = Debug|x64
		{3A2AA5B3-FC88-4D72-9772-C3C5183998DD}.Release|Any CPU.ActiveCfg = Release|Any CPU
		{3A2AA5B3-FC88-4D72-9772-C3C5183998DD}.Release|Any CPU.Build.0 = Release|Any CPU
		{3A2AA5B3-FC88-4D72-9772-C3C5183998DD}.Release|x64.ActiveCfg = Release|x64
		{3A2AA5B3-FC88-4D72-9772-C3C5183998DD}.Release|x64.Build.0 = Release|x64
		{B5F79307-BF9E-4C3C-9F3B-2D841E825658}.Debug|Any CPU.ActiveCfg = Debug|Any CPU
		{B5F79307-BF9E-4C3C-9F3B-2D841E825658}.Debug|Any CPU.Build.0 = Debug|Any CPU
		{B5F79307-BF9E-4C3C-9F3B-2D841E825658}.Debug|x64.ActiveCfg = Debug|x64
		{B5F79307-BF9E-4C3C-9F3B-2D841E825658}.Debug|x64.Build.0 = Debug|x64
		{B5F79307-BF9E-4C3C-9F3B-2D841E825658}.Release|Any CPU.ActiveCfg = Release|Any CPU
		{B5F79307-BF9E-4C3C-9F3B-2D841E825658}.Release|Any CPU.Build.0 = Release|Any CPU
		{B5F79307-BF9E-4C3C-9F3B-2D841E825658}.Release|x64.ActiveCfg = Release|x64
		{B5F79307-BF9E-4C3C-9F3B-2D841E825658}.Release|x64.Build.0 = Release|x64
		{6FD3D08A-4B3E-416D-ABBB-F0772222F7BF}.Debug|Any CPU.ActiveCfg = Debug|Any CPU
		{6FD3D08A-4B3E-416D-ABBB-F0772222F7BF}.Debug|Any CPU.Build.0 = Debug|Any CPU
		{6FD3D08A-4B3E-416D-ABBB-F0772222F7BF}.Debug|x64.ActiveCfg = Debug|x64
		{6FD3D08A-4B3E-416D-ABBB-F0772222F7BF}.Debug|x64.Build.0 = Debug|x64
		{6FD3D08A-4B3E-416D-ABBB-F0772222F7BF}.Release|Any CPU.ActiveCfg = Release|Any CPU
		{6FD3D08A-4B3E-416D-ABBB-F0772222F7BF}.Release|Any CPU.Build.0 = Release|Any CPU
		{6FD3D08A-4B3E-416D-ABBB-F0772222F7BF}.Release|x64.ActiveCfg = Release|x64
		{6FD3D08A-4B3E-416D-ABBB-F0772222F7BF}.Release|x64.Build.0 = Release|x64
		{6C9AB015-3E08-473E-87C4-11F1CBC38823}.Debug|Any CPU.ActiveCfg = Debug|Any CPU
		{6C9AB015-3E08-473E-87C4-11F1CBC38823}.Debug|Any CPU.Build.0 = Debug|Any CPU
		{6C9AB015-3E08-473E-87C4-11F1CBC38823}.Debug|x64.ActiveCfg = Debug|x64
		{6C9AB015-3E08-473E-87C4-11F1CBC38823}.Debug|x64.Build.0 = Debug|x64
		{6C9AB015-3E08-473E-87C4-11F1CBC38823}.Release|Any CPU.ActiveCfg = Release|Any CPU
		{6C9AB015-3E08-473E-87C4-11F1CBC38823}.Release|Any CPU.Build.0 = Release|Any CPU
		{6C9AB015-3E08-473E-87C4-11F1CBC38823}.Release|x64.ActiveCfg = Release|x64
		{6C9AB015-3E08-473E-87C4-11F1CBC38823}.Release|x64.Build.0 = Release|x64
		{FB6BED52-84A2-4C33-886A-62DBCD9A62A4}.Debug|Any CPU.ActiveCfg = Debug|Any CPU
		{FB6BED52-84A2-4C33-886A-62DBCD9A62A4}.Debug|Any CPU.Build.0 = Debug|Any CPU
		{FB6BED52-84A2-4C33-886A-62DBCD9A62A4}.Debug|x64.ActiveCfg = Debug|x64
		{FB6BED52-84A2-4C33-886A-62DBCD9A62A4}.Debug|x64.Build.0 = Debug|x64
		{FB6BED52-84A2-4C33-886A-62DBCD9A62A4}.Release|Any CPU.ActiveCfg = Release|Any CPU
		{FB6BED52-84A2-4C33-886A-62DBCD9A62A4}.Release|Any CPU.Build.0 = Release|Any CPU
		{FB6BED52-84A2-4C33-886A-62DBCD9A62A4}.Release|x64.ActiveCfg = Release|x64
		{FB6BED52-84A2-4C33-886A-62DBCD9A62A4}.Release|x64.Build.0 = Release|x64
		{FA7C329C-870C-4EEA-B5AC-E8BAFF590623}.Debug|Any CPU.ActiveCfg = Debug|Any CPU
		{FA7C329C-870C-4EEA-B5AC-E8BAFF590623}.Debug|Any CPU.Build.0 = Debug|Any CPU
		{FA7C329C-870C-4EEA-B5AC-E8BAFF590623}.Debug|x64.ActiveCfg = Debug|x64
		{FA7C329C-870C-4EEA-B5AC-E8BAFF590623}.Debug|x64.Build.0 = Debug|x64
		{FA7C329C-870C-4EEA-B5AC-E8BAFF590623}.Release|Any CPU.ActiveCfg = Release|Any CPU
		{FA7C329C-870C-4EEA-B5AC-E8BAFF590623}.Release|Any CPU.Build.0 = Release|Any CPU
		{FA7C329C-870C-4EEA-B5AC-E8BAFF590623}.Release|x64.ActiveCfg = Release|x64
		{FA7C329C-870C-4EEA-B5AC-E8BAFF590623}.Release|x64.Build.0 = Release|x64
		{D39C62AC-C3BE-433F-95DB-6175703B092E}.Debug|Any CPU.ActiveCfg = Debug|Any CPU
		{D39C62AC-C3BE-433F-95DB-6175703B092E}.Debug|Any CPU.Build.0 = Debug|Any CPU
		{D39C62AC-C3BE-433F-95DB-6175703B092E}.Debug|x64.ActiveCfg = Debug|x64
		{D39C62AC-C3BE-433F-95DB-6175703B092E}.Debug|x64.Build.0 = Debug|x64
		{D39C62AC-C3BE-433F-95DB-6175703B092E}.Release|Any CPU.ActiveCfg = Release|Any CPU
		{D39C62AC-C3BE-433F-95DB-6175703B092E}.Release|Any CPU.Build.0 = Release|Any CPU
		{D39C62AC-C3BE-433F-95DB-6175703B092E}.Release|x64.ActiveCfg = Release|x64
		{D39C62AC-C3BE-433F-95DB-6175703B092E}.Release|x64.Build.0 = Release|x64
		{422D6EB1-A9BD-40C8-8B7E-8349D0283AF2}.Debug|Any CPU.ActiveCfg = Debug|Any CPU
		{422D6EB1-A9BD-40C8-8B7E-8349D0283AF2}.Debug|Any CPU.Build.0 = Debug|Any CPU
		{422D6EB1-A9BD-40C8-8B7E-8349D0283AF2}.Debug|x64.ActiveCfg = Debug|x64
		{422D6EB1-A9BD-40C8-8B7E-8349D0283AF2}.Debug|x64.Build.0 = Debug|x64
		{422D6EB1-A9BD-40C8-8B7E-8349D0283AF2}.Release|Any CPU.ActiveCfg = Release|Any CPU
		{422D6EB1-A9BD-40C8-8B7E-8349D0283AF2}.Release|Any CPU.Build.0 = Release|Any CPU
		{422D6EB1-A9BD-40C8-8B7E-8349D0283AF2}.Release|x64.ActiveCfg = Release|x64
		{422D6EB1-A9BD-40C8-8B7E-8349D0283AF2}.Release|x64.Build.0 = Release|x64
		{EAFE3E67-8249-4944-9EEB-4107011F8292}.Debug|Any CPU.ActiveCfg = Debug|Any CPU
		{EAFE3E67-8249-4944-9EEB-4107011F8292}.Debug|Any CPU.Build.0 = Debug|Any CPU
		{EAFE3E67-8249-4944-9EEB-4107011F8292}.Debug|x64.ActiveCfg = Debug|x64
		{EAFE3E67-8249-4944-9EEB-4107011F8292}.Debug|x64.Build.0 = Debug|x64
		{EAFE3E67-8249-4944-9EEB-4107011F8292}.Release|Any CPU.ActiveCfg = Release|Any CPU
		{EAFE3E67-8249-4944-9EEB-4107011F8292}.Release|Any CPU.Build.0 = Release|Any CPU
		{EAFE3E67-8249-4944-9EEB-4107011F8292}.Release|x64.ActiveCfg = Release|x64
		{EAFE3E67-8249-4944-9EEB-4107011F8292}.Release|x64.Build.0 = Release|x64
		{87FE2274-9BF8-49CD-AFE3-549D4FF3008F}.Debug|Any CPU.ActiveCfg = Debug|Any CPU
		{87FE2274-9BF8-49CD-AFE3-549D4FF3008F}.Debug|Any CPU.Build.0 = Debug|Any CPU
		{87FE2274-9BF8-49CD-AFE3-549D4FF3008F}.Debug|x64.ActiveCfg = Debug|x64
		{87FE2274-9BF8-49CD-AFE3-549D4FF3008F}.Debug|x64.Build.0 = Debug|x64
		{87FE2274-9BF8-49CD-AFE3-549D4FF3008F}.Release|Any CPU.ActiveCfg = Release|Any CPU
		{87FE2274-9BF8-49CD-AFE3-549D4FF3008F}.Release|Any CPU.Build.0 = Release|Any CPU
		{87FE2274-9BF8-49CD-AFE3-549D4FF3008F}.Release|x64.ActiveCfg = Release|x64
		{87FE2274-9BF8-49CD-AFE3-549D4FF3008F}.Release|x64.Build.0 = Release|x64
		{14CB78FC-1839-4F28-9F59-6522F2BFEFE7}.Debug|Any CPU.ActiveCfg = Debug|Any CPU
		{14CB78FC-1839-4F28-9F59-6522F2BFEFE7}.Debug|Any CPU.Build.0 = Debug|Any CPU
		{14CB78FC-1839-4F28-9F59-6522F2BFEFE7}.Debug|x64.ActiveCfg = Debug|x64
		{14CB78FC-1839-4F28-9F59-6522F2BFEFE7}.Debug|x64.Build.0 = Debug|x64
		{14CB78FC-1839-4F28-9F59-6522F2BFEFE7}.Release|Any CPU.ActiveCfg = Release|Any CPU
		{14CB78FC-1839-4F28-9F59-6522F2BFEFE7}.Release|Any CPU.Build.0 = Release|Any CPU
		{14CB78FC-1839-4F28-9F59-6522F2BFEFE7}.Release|x64.ActiveCfg = Release|x64
		{14CB78FC-1839-4F28-9F59-6522F2BFEFE7}.Release|x64.Build.0 = Release|x64
		{13643929-0174-4EA1-BDBE-DF7A588FC0F2}.Debug|Any CPU.ActiveCfg = Debug|Any CPU
		{13643929-0174-4EA1-BDBE-DF7A588FC0F2}.Debug|Any CPU.Build.0 = Debug|Any CPU
		{13643929-0174-4EA1-BDBE-DF7A588FC0F2}.Debug|x64.ActiveCfg = Debug|Any CPU
		{13643929-0174-4EA1-BDBE-DF7A588FC0F2}.Release|Any CPU.ActiveCfg = Release|Any CPU
		{13643929-0174-4EA1-BDBE-DF7A588FC0F2}.Release|Any CPU.Build.0 = Release|Any CPU
		{13643929-0174-4EA1-BDBE-DF7A588FC0F2}.Release|x64.ActiveCfg = Release|x64
		{13643929-0174-4EA1-BDBE-DF7A588FC0F2}.Release|x64.Build.0 = Release|x64
		{EFAAE69D-F65D-4247-81AA-440E18C3336F}.Debug|Any CPU.ActiveCfg = Debug|Any CPU
		{EFAAE69D-F65D-4247-81AA-440E18C3336F}.Debug|Any CPU.Build.0 = Debug|Any CPU
		{EFAAE69D-F65D-4247-81AA-440E18C3336F}.Debug|x64.ActiveCfg = Debug|x64
		{EFAAE69D-F65D-4247-81AA-440E18C3336F}.Debug|x64.Build.0 = Debug|x64
		{EFAAE69D-F65D-4247-81AA-440E18C3336F}.Release|Any CPU.ActiveCfg = Release|Any CPU
		{EFAAE69D-F65D-4247-81AA-440E18C3336F}.Release|Any CPU.Build.0 = Release|Any CPU
		{EFAAE69D-F65D-4247-81AA-440E18C3336F}.Release|x64.ActiveCfg = Release|x64
		{EFAAE69D-F65D-4247-81AA-440E18C3336F}.Release|x64.Build.0 = Release|x64
	EndGlobalSection
	GlobalSection(SolutionProperties) = preSolution
		HideSolutionNode = FALSE
	EndGlobalSection
EndGlobal
