
Microsoft Visual Studio Solution File, Format Version 10.00
# Visual Studio 2008
Project("{FAE04EC0-301F-11D3-BF4B-00C04F79EFBC}") = "EntitySpaces.SybaseSqlAnywhereProvider35", "EntitySpaces.SybaseSqlAnywhereProvider35.csproj", "{6FD3D08A-4B3E-416D-ABBB-F0772222F7BF}"
EndProject
Project("{FAE04EC0-301F-11D3-BF4B-00C04F79EFBC}") = "EntitySpaces.Interfaces35", "..\..\EntitySpaces.Interfaces\EntitySpaces.Interfaces35.csproj", "{B13AC54D-1CEE-4B91-BEAE-98CF0A4AA180}"
EndProject
Global
	GlobalSection(SolutionConfigurationPlatforms) = preSolution
		Debug|Any CPU = Debug|Any CPU
		DebugDavidTests|Any CPU = DebugDavidTests|Any CPU
		DebugMikeTests|Any CPU = DebugMikeTests|Any CPU
		Release|Any CPU = Release|Any CPU
	EndGlobalSection
	GlobalSection(ProjectConfigurationPlatforms) = postSolution
		{6FD3D08A-4B3E-416D-ABBB-F0772222F7BF}.Debug|Any CPU.ActiveCfg = Debug|Any CPU
		{6FD3D08A-4B3E-416D-ABBB-F0772222F7BF}.Debug|Any CPU.Build.0 = Debug|Any CPU
		{6FD3D08A-4B3E-416D-ABBB-F0772222F7BF}.DebugDavidTests|Any CPU.ActiveCfg = Debug|Any CPU
		{6FD3D08A-4B3E-416D-ABBB-F0772222F7BF}.DebugDavidTests|Any CPU.Build.0 = Debug|Any CPU
		{6FD3D08A-4B3E-416D-ABBB-F0772222F7BF}.DebugMikeTests|Any CPU.ActiveCfg = Debug|Any CPU
		{6FD3D08A-4B3E-416D-ABBB-F0772222F7BF}.DebugMikeTests|Any CPU.Build.0 = Debug|Any CPU
		{6FD3D08A-4B3E-416D-ABBB-F0772222F7BF}.Release|Any CPU.ActiveCfg = Release|Any CPU
		{6FD3D08A-4B3E-416D-ABBB-F0772222F7BF}.Release|Any CPU.Build.0 = Release|Any CPU
		{B13AC54D-1CEE-4B91-BEAE-98CF0A4AA180}.Debug|Any CPU.ActiveCfg = Debug|Any CPU
		{B13AC54D-1CEE-4B91-BEAE-98CF0A4AA180}.Debug|Any CPU.Build.0 = Debug|Any CPU
		{B13AC54D-1CEE-4B91-BEAE-98CF0A4AA180}.DebugDavidTests|Any CPU.ActiveCfg = DebugDavidTests|Any CPU
		{B13AC54D-1CEE-4B91-BEAE-98CF0A4AA180}.DebugDavidTests|Any CPU.Build.0 = DebugDavidTests|Any CPU
		{B13AC54D-1CEE-4B91-BEAE-98CF0A4AA180}.DebugMikeTests|Any CPU.ActiveCfg = DebugMikeTests|Any CPU
		{B13AC54D-1CEE-4B91-BEAE-98CF0A4AA180}.DebugMikeTests|Any CPU.Build.0 = DebugMikeTests|Any CPU
		{B13AC54D-1CEE-4B91-BEAE-98CF0A4AA180}.Release|Any CPU.ActiveCfg = Release|Any CPU
		{B13AC54D-1CEE-4B91-BEAE-98CF0A4AA180}.Release|Any CPU.Build.0 = Release|Any CPU
	EndGlobalSection
	GlobalSection(SolutionProperties) = preSolution
		HideSolutionNode = FALSE
	EndGlobalSection
EndGlobal
