
Microsoft Visual Studio Solution File, Format Version 10.00
# Visual Studio 2008
Project("{FAE04EC0-301F-11D3-BF4B-00C04F79EFBC}") = "EntitySpaces.VistaDB4Provider35", "EntitySpaces.VistaDB4Provider35.csproj", "{6C9AB015-3E08-473E-87C4-11F1CBC38823}"
EndProject
Project("{FAE04EC0-301F-11D3-BF4B-00C04F79EFBC}") = "EntitySpaces.DynamicQuery35", "..\..\EntitySpaces.DynamicQuery\EntitySpaces.DynamicQuery35.csproj", "{9AA003D3-6DBB-4C6C-BDC5-F3E1F3BBB0DD}"
EndProject
Project("{FAE04EC0-301F-11D3-BF4B-00C04F79EFBC}") = "EntitySpaces.Interfaces35", "..\..\EntitySpaces.Interfaces\EntitySpaces.Interfaces35.csproj", "{B13AC54D-1CEE-4B91-BEAE-98CF0A4AA180}"
EndProject
Global
	GlobalSection(SolutionConfigurationPlatforms) = preSolution
		Debug|Any CPU = Debug|Any CPU
		Debug|x64 = Debug|x64
		Release|Any CPU = Release|Any CPU
		Release|x64 = Release|x64
	EndGlobalSection
	GlobalSection(ProjectConfigurationPlatforms) = postSolution
		{6C9AB015-3E08-473E-87C4-11F1CBC38823}.Debug|Any CPU.ActiveCfg = Debug|Any CPU
		{6C9AB015-3E08-473E-87C4-11F1CBC38823}.Debug|Any CPU.Build.0 = Debug|Any CPU
		{6C9AB015-3E08-473E-87C4-11F1CBC38823}.Debug|x64.ActiveCfg = Debug|Any CPU
		{6C9AB015-3E08-473E-87C4-11F1CBC38823}.Release|Any CPU.ActiveCfg = Release|Any CPU
		{6C9AB015-3E08-473E-87C4-11F1CBC38823}.Release|Any CPU.Build.0 = Release|Any CPU
		{6C9AB015-3E08-473E-87C4-11F1CBC38823}.Release|x64.ActiveCfg = Release|Any CPU
		{9AA003D3-6DBB-4C6C-BDC5-F3E1F3BBB0DD}.Debug|Any CPU.ActiveCfg = Debug|Any CPU
		{9AA003D3-6DBB-4C6C-BDC5-F3E1F3BBB0DD}.Debug|Any CPU.Build.0 = Debug|Any CPU
		{9AA003D3-6DBB-4C6C-BDC5-F3E1F3BBB0DD}.Debug|x64.ActiveCfg = Debug|x64
		{9AA003D3-6DBB-4C6C-BDC5-F3E1F3BBB0DD}.Debug|x64.Build.0 = Debug|x64
		{9AA003D3-6DBB-4C6C-BDC5-F3E1F3BBB0DD}.Release|Any CPU.ActiveCfg = Release|Any CPU
		{9AA003D3-6DBB-4C6C-BDC5-F3E1F3BBB0DD}.Release|Any CPU.Build.0 = Release|Any CPU
		{9AA003D3-6DBB-4C6C-BDC5-F3E1F3BBB0DD}.Release|x64.ActiveCfg = Release|x64
		{9AA003D3-6DBB-4C6C-BDC5-F3E1F3BBB0DD}.Release|x64.Build.0 = Release|x64
		{B13AC54D-1CEE-4B91-BEAE-98CF0A4AA180}.Debug|Any CPU.ActiveCfg = Debug|Any CPU
		{B13AC54D-1CEE-4B91-BEAE-98CF0A4AA180}.Debug|Any CPU.Build.0 = Debug|Any CPU
		{B13AC54D-1CEE-4B91-BEAE-98CF0A4AA180}.Debug|x64.ActiveCfg = Debug|x64
		{B13AC54D-1CEE-4B91-BEAE-98CF0A4AA180}.Debug|x64.Build.0 = Debug|x64
		{B13AC54D-1CEE-4B91-BEAE-98CF0A4AA180}.Release|Any CPU.ActiveCfg = Release|Any CPU
		{B13AC54D-1CEE-4B91-BEAE-98CF0A4AA180}.Release|Any CPU.Build.0 = Release|Any CPU
		{B13AC54D-1CEE-4B91-BEAE-98CF0A4AA180}.Release|x64.ActiveCfg = Release|x64
		{B13AC54D-1CEE-4B91-BEAE-98CF0A4AA180}.Release|x64.Build.0 = Release|x64
	EndGlobalSection
	GlobalSection(SolutionProperties) = preSolution
		HideSolutionNode = FALSE
	EndGlobalSection
EndGlobal
