
Microsoft Visual Studio Solution File, Format Version 10.00
# Visual Studio 2008
Project("{FAE04EC0-301F-11D3-BF4B-00C04F79EFBC}") = "EntitySpaces.Core35", "EntitySpaces.Core35.csproj", "{81B80C15-74F7-480A-B3C1-D8792785B357}"
EndProject
Project("{FAE04EC0-301F-11D3-BF4B-00C04F79EFBC}") = "EntitySpaces.Interfaces35", "..\EntitySpaces.Interfaces\EntitySpaces.Interfaces35.csproj", "{B13AC54D-1CEE-4B91-BEAE-98CF0A4AA180}"
EndProject
Project("{FAE04EC0-301F-11D3-BF4B-00C04F79EFBC}") = "EntitySpaces.DynamicQuery35", "..\EntitySpaces.DynamicQuery\EntitySpaces.DynamicQuery35.csproj", "{9AA003D3-6DBB-4C6C-BDC5-F3E1F3BBB0DD}"
EndProject
Global
	GlobalSection(SolutionConfigurationPlatforms) = preSolution
		Debug|Any CPU = Debug|Any CPU
		Debug|x64 = Debug|x64
		DebugDavidTests|Any CPU = DebugDavidTests|Any CPU
		DebugDavidTests|x64 = DebugDavidTests|x64
		DebugMikeTests|Any CPU = DebugMikeTests|Any CPU
		DebugMikeTests|x64 = DebugMikeTests|x64
		Release|Any CPU = Release|Any CPU
		Release|x64 = Release|x64
	EndGlobalSection
	GlobalSection(ProjectConfigurationPlatforms) = postSolution
		{81B80C15-74F7-480A-B3C1-D8792785B357}.Debug|Any CPU.ActiveCfg = Debug|Any CPU
		{81B80C15-74F7-480A-B3C1-D8792785B357}.Debug|Any CPU.Build.0 = Debug|Any CPU
		{81B80C15-74F7-480A-B3C1-D8792785B357}.Debug|x64.ActiveCfg = Debug|x64
		{81B80C15-74F7-480A-B3C1-D8792785B357}.Debug|x64.Build.0 = Debug|x64
		{81B80C15-74F7-480A-B3C1-D8792785B357}.DebugDavidTests|Any CPU.ActiveCfg = DebugDavidTests|Any CPU
		{81B80C15-74F7-480A-B3C1-D8792785B357}.DebugDavidTests|Any CPU.Build.0 = DebugDavidTests|Any CPU
		{81B80C15-74F7-480A-B3C1-D8792785B357}.DebugDavidTests|x64.ActiveCfg = DebugDavidTests|x64
		{81B80C15-74F7-480A-B3C1-D8792785B357}.DebugDavidTests|x64.Build.0 = DebugDavidTests|x64
		{81B80C15-74F7-480A-B3C1-D8792785B357}.DebugMikeTests|Any CPU.ActiveCfg = DebugMikeTests|Any CPU
		{81B80C15-74F7-480A-B3C1-D8792785B357}.DebugMikeTests|Any CPU.Build.0 = DebugMikeTests|Any CPU
		{81B80C15-74F7-480A-B3C1-D8792785B357}.DebugMikeTests|x64.ActiveCfg = DebugMikeTests|x64
		{81B80C15-74F7-480A-B3C1-D8792785B357}.DebugMikeTests|x64.Build.0 = DebugMikeTests|x64
		{81B80C15-74F7-480A-B3C1-D8792785B357}.Release|Any CPU.ActiveCfg = Release|Any CPU
		{81B80C15-74F7-480A-B3C1-D8792785B357}.Release|Any CPU.Build.0 = Release|Any CPU
		{81B80C15-74F7-480A-B3C1-D8792785B357}.Release|x64.ActiveCfg = Release|x64
		{81B80C15-74F7-480A-B3C1-D8792785B357}.Release|x64.Build.0 = Release|x64
		{B13AC54D-1CEE-4B91-BEAE-98CF0A4AA180}.Debug|Any CPU.ActiveCfg = Debug|Any CPU
		{B13AC54D-1CEE-4B91-BEAE-98CF0A4AA180}.Debug|Any CPU.Build.0 = Debug|Any CPU
		{B13AC54D-1CEE-4B91-BEAE-98CF0A4AA180}.Debug|x64.ActiveCfg = Debug|x64
		{B13AC54D-1CEE-4B91-BEAE-98CF0A4AA180}.Debug|x64.Build.0 = Debug|x64
		{B13AC54D-1CEE-4B91-BEAE-98CF0A4AA180}.DebugDavidTests|Any CPU.ActiveCfg = DebugDavidTests|Any CPU
		{B13AC54D-1CEE-4B91-BEAE-98CF0A4AA180}.DebugDavidTests|Any CPU.Build.0 = DebugDavidTests|Any CPU
		{B13AC54D-1CEE-4B91-BEAE-98CF0A4AA180}.DebugDavidTests|x64.ActiveCfg = DebugDavidTests|x64
		{B13AC54D-1CEE-4B91-BEAE-98CF0A4AA180}.DebugDavidTests|x64.Build.0 = DebugDavidTests|x64
		{B13AC54D-1CEE-4B91-BEAE-98CF0A4AA180}.DebugMikeTests|Any CPU.ActiveCfg = DebugMikeTests|Any CPU
		{B13AC54D-1CEE-4B91-BEAE-98CF0A4AA180}.DebugMikeTests|Any CPU.Build.0 = DebugMikeTests|Any CPU
		{B13AC54D-1CEE-4B91-BEAE-98CF0A4AA180}.DebugMikeTests|x64.ActiveCfg = DebugMikeTests|x64
		{B13AC54D-1CEE-4B91-BEAE-98CF0A4AA180}.DebugMikeTests|x64.Build.0 = DebugMikeTests|x64
		{B13AC54D-1CEE-4B91-BEAE-98CF0A4AA180}.Release|Any CPU.ActiveCfg = Release|Any CPU
		{B13AC54D-1CEE-4B91-BEAE-98CF0A4AA180}.Release|Any CPU.Build.0 = Release|Any CPU
		{B13AC54D-1CEE-4B91-BEAE-98CF0A4AA180}.Release|x64.ActiveCfg = Release|x64
		{B13AC54D-1CEE-4B91-BEAE-98CF0A4AA180}.Release|x64.Build.0 = Release|x64
		{9AA003D3-6DBB-4C6C-BDC5-F3E1F3BBB0DD}.Debug|Any CPU.ActiveCfg = Debug|Any CPU
		{9AA003D3-6DBB-4C6C-BDC5-F3E1F3BBB0DD}.Debug|Any CPU.Build.0 = Debug|Any CPU
		{9AA003D3-6DBB-4C6C-BDC5-F3E1F3BBB0DD}.Debug|x64.ActiveCfg = Debug|x64
		{9AA003D3-6DBB-4C6C-BDC5-F3E1F3BBB0DD}.Debug|x64.Build.0 = Debug|x64
		{9AA003D3-6DBB-4C6C-BDC5-F3E1F3BBB0DD}.DebugDavidTests|Any CPU.ActiveCfg = Debug|x64
		{9AA003D3-6DBB-4C6C-BDC5-F3E1F3BBB0DD}.DebugDavidTests|x64.ActiveCfg = Debug|x64
		{9AA003D3-6DBB-4C6C-BDC5-F3E1F3BBB0DD}.DebugDavidTests|x64.Build.0 = Debug|x64
		{9AA003D3-6DBB-4C6C-BDC5-F3E1F3BBB0DD}.DebugMikeTests|Any CPU.ActiveCfg = Debug|x64
		{9AA003D3-6DBB-4C6C-BDC5-F3E1F3BBB0DD}.DebugMikeTests|x64.ActiveCfg = Debug|x64
		{9AA003D3-6DBB-4C6C-BDC5-F3E1F3BBB0DD}.DebugMikeTests|x64.Build.0 = Debug|x64
		{9AA003D3-6DBB-4C6C-BDC5-F3E1F3BBB0DD}.Release|Any CPU.ActiveCfg = Release|Any CPU
		{9AA003D3-6DBB-4C6C-BDC5-F3E1F3BBB0DD}.Release|Any CPU.Build.0 = Release|Any CPU
		{9AA003D3-6DBB-4C6C-BDC5-F3E1F3BBB0DD}.Release|x64.ActiveCfg = Release|x64
		{9AA003D3-6DBB-4C6C-BDC5-F3E1F3BBB0DD}.Release|x64.Build.0 = Release|x64
	EndGlobalSection
	GlobalSection(SolutionProperties) = preSolution
		HideSolutionNode = FALSE
	EndGlobalSection
EndGlobal
