
Microsoft Visual Studio Solution File, Format Version 9.00
# Visual Studio 2005
Project("{FAE04EC0-301F-11D3-BF4B-00C04F79EFBC}") = "EntitySpaces.Loader", "EntitySpaces.Loader.csproj", "{7DFF20D6-C320-4920-AE92-4F096D8DFE61}"
EndProject
Global
	GlobalSection(SolutionConfigurationPlatforms) = preSolution
		Debug|Any CPU = Debug|Any CPU
		Release|Any CPU = Release|Any CPU
	EndGlobalSection
	GlobalSection(ProjectConfigurationPlatforms) = postSolution
		{7DFF20D6-C320-4920-AE92-4F096D8DFE61}.Debug|Any CPU.ActiveCfg = Debug|Any CPU
		{7DFF20D6-C320-4920-AE92-4F096D8DFE61}.Debug|Any CPU.Build.0 = Debug|Any CPU
		{7DFF20D6-C320-4920-AE92-4F096D8DFE61}.Release|Any CPU.ActiveCfg = Release|Any CPU
		{7DFF20D6-C320-4920-AE92-4F096D8DFE61}.Release|Any CPU.Build.0 = Release|Any CPU
	EndGlobalSection
	GlobalSection(SolutionProperties) = preSolution
		HideSolutionNode = FALSE
	EndGlobalSection
EndGlobal
