
Microsoft Visual Studio Solution File, Format Version 10.00
# Visual Studio 2008
Project("{FAE04EC0-301F-11D3-BF4B-00C04F79EFBC}") = "EntitySpaces.SqlClientProvider35", "EntitySpaces.SqlClientProvider35.csproj", "{96219C55-952F-4CCC-BF91-D91CA5EE5D56}"
EndProject
Project("{FAE04EC0-301F-11D3-BF4B-00C04F79EFBC}") = "EntitySpaces.Interfaces35", "..\..\EntitySpaces.Interfaces\EntitySpaces.Interfaces35.csproj", "{B13AC54D-1CEE-4B91-BEAE-98CF0A4AA180}"
EndProject
Global
	GlobalSection(SolutionConfigurationPlatforms) = preSolution
		Debug|Any CPU = Debug|Any CPU
		DebugDavidTests|Any CPU = DebugDavidTests|Any CPU
		DebugMikeTests|Any CPU = DebugMikeTests|Any CPU
		Release|Any CPU = Release|Any CPU
	EndGlobalSection
	GlobalSection(ProjectConfigurationPlatforms) = postSolution
		{96219C55-952F-4CCC-BF91-D91CA5EE5D56}.Debug|Any CPU.ActiveCfg = Debug|Any CPU
		{96219C55-952F-4CCC-BF91-D91CA5EE5D56}.Debug|Any CPU.Build.0 = Debug|Any CPU
		{96219C55-952F-4CCC-BF91-D91CA5EE5D56}.DebugDavidTests|Any CPU.ActiveCfg = DebugDavidTests|Any CPU
		{96219C55-952F-4CCC-BF91-D91CA5EE5D56}.DebugDavidTests|Any CPU.Build.0 = DebugDavidTests|Any CPU
		{96219C55-952F-4CCC-BF91-D91CA5EE5D56}.DebugMikeTests|Any CPU.ActiveCfg = DebugMikeTests|Any CPU
		{96219C55-952F-4CCC-BF91-D91CA5EE5D56}.DebugMikeTests|Any CPU.Build.0 = DebugMikeTests|Any CPU
		{96219C55-952F-4CCC-BF91-D91CA5EE5D56}.Release|Any CPU.ActiveCfg = Release|Any CPU
		{96219C55-952F-4CCC-BF91-D91CA5EE5D56}.Release|Any CPU.Build.0 = Release|Any CPU
		{B13AC54D-1CEE-4B91-BEAE-98CF0A4AA180}.Debug|Any CPU.ActiveCfg = Debug|Any CPU
		{B13AC54D-1CEE-4B91-BEAE-98CF0A4AA180}.Debug|Any CPU.Build.0 = Debug|Any CPU
		{B13AC54D-1CEE-4B91-BEAE-98CF0A4AA180}.DebugDavidTests|Any CPU.ActiveCfg = DebugDavidTests|Any CPU
		{B13AC54D-1CEE-4B91-BEAE-98CF0A4AA180}.DebugDavidTests|Any CPU.Build.0 = DebugDavidTests|Any CPU
		{B13AC54D-1CEE-4B91-BEAE-98CF0A4AA180}.DebugMikeTests|Any CPU.ActiveCfg = DebugMikeTests|Any CPU
		{B13AC54D-1CEE-4B91-BEAE-98CF0A4AA180}.DebugMikeTests|Any CPU.Build.0 = DebugMikeTests|Any CPU
		{B13AC54D-1CEE-4B91-BEAE-98CF0A4AA180}.Release|Any CPU.ActiveCfg = Release|Any CPU
		{B13AC54D-1CEE-4B91-BEAE-98CF0A4AA180}.Release|Any CPU.Build.0 = Release|Any CPU
	EndGlobalSection
	GlobalSection(SolutionProperties) = preSolution
		HideSolutionNode = FALSE
	EndGlobalSection
EndGlobal
